// !$*UTF8*$!
{
	archiveVersion = 1;
	classes = {
	};
	objectVersion = 50;
	objects = {

/* Begin PBXBuildFile section */
		0B8BAA21277542A00070388E /* League_MMR_AppApp.swift in Sources */ = {isa = PBXBuildFile; fileRef = 0B8BAA20277542A00070388E /* League_MMR_AppApp.swift */; };
		0B8BAA23277542A00070388E /* ContentView.swift in Sources */ = {isa = PBXBuildFile; fileRef = 0B8BAA22277542A00070388E /* ContentView.swift */; };
		0B8BAA25277542A20070388E /* Assets.xcassets in Resources */ = {isa = PBXBuildFile; fileRef = 0B8BAA24277542A20070388E /* Assets.xcassets */; };
		0B8BAA28277542A20070388E /* Preview Assets.xcassets in Resources */ = {isa = PBXBuildFile; fileRef = 0B8BAA27277542A20070388E /* Preview Assets.xcassets */; };
		0B8BAA302775459C0070388E /* SettingsButton.swift in Sources */ = {isa = PBXBuildFile; fileRef = 0B8BAA2F2775459C0070388E /* SettingsButton.swift */; };
		0B8BAA32277549440070388E /* FetchService.swift in Sources */ = {isa = PBXBuildFile; fileRef = 0B8BAA31277549440070388E /* FetchService.swift */; };
		0BE1A1692775748600AB307D /* mmrTypes.swift in Sources */ = {isa = PBXBuildFile; fileRef = 0BE1A1682775748600AB307D /* mmrTypes.swift */; };
		0BE1A16B277575A700AB307D /* SummonerMMRViewModel.swift in Sources */ = {isa = PBXBuildFile; fileRef = 0BE1A16A277575A700AB307D /* SummonerMMRViewModel.swift */; };
/* End PBXBuildFile section */

/* Begin PBXFileReference section */
		0B8BAA1D277542A00070388E /* League MMR App.app */ = {isa = PBXFileReference; explicitFileType = wrapper.application; includeInIndex = 0; path = "League MMR App.app"; sourceTree = BUILT_PRODUCTS_DIR; };
		0B8BAA20277542A00070388E /* League_MMR_AppApp.swift */ = {isa = PBXFileReference; lastKnownFileType = sourcecode.swift; path = League_MMR_AppApp.swift; sourceTree = "<group>"; };
		0B8BAA22277542A00070388E /* ContentView.swift */ = {isa = PBXFileReference; lastKnownFileType = sourcecode.swift; path = ContentView.swift; sourceTree = "<group>"; };
		0B8BAA24277542A20070388E /* Assets.xcassets */ = {isa = PBXFileReference; lastKnownFileType = folder.assetcatalog; path = Assets.xcassets; sourceTree = "<group>"; };
		0B8BAA27277542A20070388E /* Preview Assets.xcassets */ = {isa = PBXFileReference; lastKnownFileType = folder.assetcatalog; path = "Preview Assets.xcassets"; sourceTree = "<group>"; };
		0B8BAA29277542A20070388E /* Info.plist */ = {isa = PBXFileReference; lastKnownFileType = text.plist.xml; path = Info.plist; sourceTree = "<group>"; };
		0B8BAA2F2775459C0070388E /* SettingsButton.swift */ = {isa = PBXFileReference; lastKnownFileType = sourcecode.swift; path = SettingsButton.swift; sourceTree = "<group>"; };
		0B8BAA31277549440070388E /* FetchService.swift */ = {isa = PBXFileReference; lastKnownFileType = sourcecode.swift; path = FetchService.swift; sourceTree = "<group>"; };
		0BE1A1682775748600AB307D /* mmrTypes.swift */ = {isa = PBXFileReference; lastKnownFileType = sourcecode.swift; path = mmrTypes.swift; sourceTree = "<group>"; };
		0BE1A16A277575A700AB307D /* SummonerMMRViewModel.swift */ = {isa = PBXFileReference; lastKnownFileType = sourcecode.swift; path = SummonerMMRViewModel.swift; sourceTree = "<group>"; };
/* End PBXFileReference section */

/* Begin PBXFrameworksBuildPhase section */
		0B8BAA1A277542A00070388E /* Frameworks */ = {
			isa = PBXFrameworksBuildPhase;
			buildActionMask = 2147483647;
			files = (
			);
			runOnlyForDeploymentPostprocessing = 0;
		};
/* End PBXFrameworksBuildPhase section */

/* Begin PBXGroup section */
		0B8BAA14277542A00070388E = {
			isa = PBXGroup;
			children = (
				0B8BAA1F277542A00070388E /* League MMR App */,
				0B8BAA1E277542A00070388E /* Products */,
			);
			sourceTree = "<group>";
		};
		0B8BAA1E277542A00070388E /* Products */ = {
			isa = PBXGroup;
			children = (
				0B8BAA1D277542A00070388E /* League MMR App.app */,
			);
			name = Products;
			sourceTree = "<group>";
		};
		0B8BAA1F277542A00070388E /* League MMR App */ = {
			isa = PBXGroup;
			children = (
				0BD87594277578BB0036532A /* SwiftUI LifeCycle */,
				0BD87591277578860036532A /* Scenes */,
				0BD87593277578A90036532A /* Model */,
				0BD87592277578990036532A /* Services */,
				0BD87595277578CF0036532A /* Resources */,
				0B8BAA26277542A20070388E /* Preview Content */,
			);
			path = "League MMR App";
			sourceTree = "<group>";
		};
		0B8BAA26277542A20070388E /* Preview Content */ = {
			isa = PBXGroup;
			children = (
				0B8BAA27277542A20070388E /* Preview Assets.xcassets */,
			);
			path = "Preview Content";
			sourceTree = "<group>";
		};
		0BD8758F277578670036532A /* MainView */ = {
			isa = PBXGroup;
			children = (
				0B8BAA22277542A00070388E /* ContentView.swift */,
				0B8BAA2F2775459C0070388E /* SettingsButton.swift */,
				0BD87590277578770036532A /* ViewModel */,
			);
			path = MainView;
			sourceTree = "<group>";
		};
		0BD87590277578770036532A /* ViewModel */ = {
			isa = PBXGroup;
			children = (
				0BE1A16A277575A700AB307D /* SummonerMMRViewModel.swift */,
			);
			path = ViewModel;
			sourceTree = "<group>";
		};
		0BD87591277578860036532A /* Scenes */ = {
			isa = PBXGroup;
			children = (
				0BD8758F277578670036532A /* MainView */,
			);
			path = Scenes;
			sourceTree = "<group>";
		};
		0BD87592277578990036532A /* Services */ = {
			isa = PBXGroup;
			children = (
				0B8BAA31277549440070388E /* FetchService.swift */,
			);
			path = Services;
			sourceTree = "<group>";
		};
		0BD87593277578A90036532A /* Model */ = {
			isa = PBXGroup;
			children = (
				0BE1A1682775748600AB307D /* mmrTypes.swift */,
			);
			path = Model;
			sourceTree = "<group>";
		};
		0BD87594277578BB0036532A /* SwiftUI LifeCycle */ = {
			isa = PBXGroup;
			children = (
				0B8BAA20277542A00070388E /* League_MMR_AppApp.swift */,
			);
			path = "SwiftUI LifeCycle";
			sourceTree = "<group>";
		};
		0BD87595277578CF0036532A /* Resources */ = {
			isa = PBXGroup;
			children = (
				0B8BAA24277542A20070388E /* Assets.xcassets */,
				0B8BAA29277542A20070388E /* Info.plist */,
			);
			path = Resources;
			sourceTree = "<group>";
		};
/* End PBXGroup section */

/* Begin PBXNativeTarget section */
		0B8BAA1C277542A00070388E /* League MMR App */ = {
			isa = PBXNativeTarget;
			buildConfigurationList = 0B8BAA2C277542A20070388E /* Build configuration list for PBXNativeTarget "League MMR App" */;
			buildPhases = (
				0B8BAA19277542A00070388E /* Sources */,
				0B8BAA1A277542A00070388E /* Frameworks */,
				0B8BAA1B277542A00070388E /* Resources */,
			);
			buildRules = (
			);
			dependencies = (
			);
			name = "League MMR App";
			productName = "League MMR App";
			productReference = 0B8BAA1D277542A00070388E /* League MMR App.app */;
			productType = "com.apple.product-type.application";
		};
/* End PBXNativeTarget section */

/* Begin PBXProject section */
		0B8BAA15277542A00070388E /* Project object */ = {
			isa = PBXProject;
			attributes = {
				LastSwiftUpdateCheck = 1250;
				LastUpgradeCheck = 1250;
				TargetAttributes = {
					0B8BAA1C277542A00070388E = {
						CreatedOnToolsVersion = 12.5;
					};
				};
			};
			buildConfigurationList = 0B8BAA18277542A00070388E /* Build configuration list for PBXProject "League MMR App" */;
			compatibilityVersion = "Xcode 9.3";
			developmentRegion = en;
			hasScannedForEncodings = 0;
			knownRegions = (
				en,
				Base,
			);
			mainGroup = 0B8BAA14277542A00070388E;
			productRefGroup = 0B8BAA1E277542A00070388E /* Products */;
			projectDirPath = "";
			projectRoot = "";
			targets = (
				0B8BAA1C277542A00070388E /* League MMR App */,
			);
		};
/* End PBXProject section */

/* Begin PBXResourcesBuildPhase section */
		0B8BAA1B277542A00070388E /* Resources */ = {
			isa = PBXResourcesBuildPhase;
			buildActionMask = 2147483647;
			files = (
				0B8BAA28277542A20070388E /* Preview Assets.xcassets in Resources */,
				0B8BAA25277542A20070388E /* Assets.xcassets in Resources */,
			);
			runOnlyForDeploymentPostprocessing = 0;
		};
/* End PBXResourcesBuildPhase section */

/* Begin PBXSourcesBuildPhase section */
		0B8BAA19277542A00070388E /* Sources */ = {
			isa = PBXSourcesBuildPhase;
			buildActionMask = 2147483647;
			files = (
				0B8BAA32277549440070388E /* FetchService.swift in Sources */,
				0B8BAA23277542A00070388E /* ContentView.swift in Sources */,
				0B8BAA302775459C0070388E /* SettingsButton.swift in Sources */,
				0BE1A1692775748600AB307D /* mmrTypes.swift in Sources */,
				0B8BAA21277542A00070388E /* League_MMR_AppApp.swift in Sources */,
				0BE1A16B277575A700AB307D /* SummonerMMRViewModel.swift in Sources */,
			);
			runOnlyForDeploymentPostprocessing = 0;
		};
/* End PBXSourcesBuildPhase section */

/* Begin XCBuildConfiguration section */
		0B8BAA2A277542A20070388E /* Debug */ = {
			isa = XCBuildConfiguration;
			buildSettings = {
				ALWAYS_SEARCH_USER_PATHS = NO;
				CLANG_ANALYZER_NONNULL = YES;
				CLANG_ANALYZER_NUMBER_OBJECT_CONVERSION = YES_AGGRESSIVE;
				CLANG_CXX_LANGUAGE_STANDARD = "gnu++14";
				CLANG_CXX_LIBRARY = "libc++";
				CLANG_ENABLE_MODULES = YES;
				CLANG_ENABLE_OBJC_ARC = YES;
				CLANG_ENABLE_OBJC_WEAK = YES;
				CLANG_WARN_BLOCK_CAPTURE_AUTORELEASING = YES;
				CLANG_WARN_BOOL_CONVERSION = YES;
				CLANG_WARN_COMMA = YES;
				CLANG_WARN_CONSTANT_CONVERSION = YES;
				CLANG_WARN_DEPRECATED_OBJC_IMPLEMENTATIONS = YES;
				CLANG_WARN_DIRECT_OBJC_ISA_USAGE = YES_ERROR;
				CLANG_WARN_DOCUMENTATION_COMMENTS = YES;
				CLANG_WARN_EMPTY_BODY = YES;
				CLANG_WARN_ENUM_CONVERSION = YES;
				CLANG_WARN_INFINITE_RECURSION = YES;
				CLANG_WARN_INT_CONVERSION = YES;
				CLANG_WARN_NON_LITERAL_NULL_CONVERSION = YES;
				CLANG_WARN_OBJC_IMPLICIT_RETAIN_SELF = YES;
				CLANG_WARN_OBJC_LITERAL_CONVERSION = YES;
				CLANG_WARN_OBJC_ROOT_CLASS = YES_ERROR;
				CLANG_WARN_QUOTED_INCLUDE_IN_FRAMEWORK_HEADER = YES;
				CLANG_WARN_RANGE_LOOP_ANALYSIS = YES;
				CLANG_WARN_STRICT_PROTOTYPES = YES;
				CLANG_WARN_SUSPICIOUS_MOVE = YES;
				CLANG_WARN_UNGUARDED_AVAILABILITY = YES_AGGRESSIVE;
				CLANG_WARN_UNREACHABLE_CODE = YES;
				CLANG_WARN__DUPLICATE_METHOD_MATCH = YES;
				COPY_PHASE_STRIP = NO;
				DEBUG_INFORMATION_FORMAT = dwarf;
				ENABLE_STRICT_OBJC_MSGSEND = YES;
				ENABLE_TESTABILITY = YES;
				GCC_C_LANGUAGE_STANDARD = gnu11;
				GCC_DYNAMIC_NO_PIC = NO;
				GCC_NO_COMMON_BLOCKS = YES;
				GCC_OPTIMIZATION_LEVEL = 0;
				GCC_PREPROCESSOR_DEFINITIONS = (
					"DEBUG=1",
					"$(inherited)",
				);
				GCC_WARN_64_TO_32_BIT_CONVERSION = YES;
				GCC_WARN_ABOUT_RETURN_TYPE = YES_ERROR;
				GCC_WARN_UNDECLARED_SELECTOR = YES;
				GCC_WARN_UNINITIALIZED_AUTOS = YES_AGGRESSIVE;
				GCC_WARN_UNUSED_FUNCTION = YES;
				GCC_WARN_UNUSED_VARIABLE = YES;
				IPHONEOS_DEPLOYMENT_TARGET = 14.5;
				MTL_ENABLE_DEBUG_INFO = INCLUDE_SOURCE;
				MTL_FAST_MATH = YES;
				ONLY_ACTIVE_ARCH = YES;
				SDKROOT = iphoneos;
				SWIFT_ACTIVE_COMPILATION_CONDITIONS = DEBUG;
				SWIFT_OPTIMIZATION_LEVEL = "-Onone";
			};
			name = Debug;
		};
		0B8BAA2B277542A20070388E /* Release */ = {
			isa = XCBuildConfiguration;
			buildSettings = {
				ALWAYS_SEARCH_USER_PATHS = NO;
				CLANG_ANALYZER_NONNULL = YES;
				CLANG_ANALYZER_NUMBER_OBJECT_CONVERSION = YES_AGGRESSIVE;
				CLANG_CXX_LANGUAGE_STANDARD = "gnu++14";
				CLANG_CXX_LIBRARY = "libc++";
				CLANG_ENABLE_MODULES = YES;
				CLANG_ENABLE_OBJC_ARC = YES;
				CLANG_ENABLE_OBJC_WEAK = YES;
				CLANG_WARN_BLOCK_CAPTURE_AUTORELEASING = YES;
				CLANG_WARN_BOOL_CONVERSION = YES;
				CLANG_WARN_COMMA = YES;
				CLANG_WARN_CONSTANT_CONVERSION = YES;
				CLANG_WARN_DEPRECATED_OBJC_IMPLEMENTATIONS = YES;
				CLANG_WARN_DIRECT_OBJC_ISA_USAGE = YES_ERROR;
				CLANG_WARN_DOCUMENTATION_COMMENTS = YES;
				CLANG_WARN_EMPTY_BODY = YES;
				CLANG_WARN_ENUM_CONVERSION = YES;
				CLANG_WARN_INFINITE_RECURSION = YES;
				CLANG_WARN_INT_CONVERSION = YES;
				CLANG_WARN_NON_LITERAL_NULL_CONVERSION = YES;
				CLANG_WARN_OBJC_IMPLICIT_RETAIN_SELF = YES;
				CLANG_WARN_OBJC_LITERAL_CONVERSION = YES;
				CLANG_WARN_OBJC_ROOT_CLASS = YES_ERROR;
				CLANG_WARN_QUOTED_INCLUDE_IN_FRAMEWORK_HEADER = YES;
				CLANG_WARN_RANGE_LOOP_ANALYSIS = YES;
				CLANG_WARN_STRICT_PROTOTYPES = YES;
				CLANG_WARN_SUSPICIOUS_MOVE = YES;
				CLANG_WARN_UNGUARDED_AVAILABILITY = YES_AGGRESSIVE;
				CLANG_WARN_UNREACHABLE_CODE = YES;
				CLANG_WARN__DUPLICATE_METHOD_MATCH = YES;
				COPY_PHASE_STRIP = NO;
				DEBUG_INFORMATION_FORMAT = "dwarf-with-dsym";
				ENABLE_NS_ASSERTIONS = NO;
				ENABLE_STRICT_OBJC_MSGSEND = YES;
				GCC_C_LANGUAGE_STANDARD = gnu11;
				GCC_NO_COMMON_BLOCKS = YES;
				GCC_WARN_64_TO_32_BIT_CONVERSION = YES;
				GCC_WARN_ABOUT_RETURN_TYPE = YES_ERROR;
				GCC_WARN_UNDECLARED_SELECTOR = YES;
				GCC_WARN_UNINITIALIZED_AUTOS = YES_AGGRESSIVE;
				GCC_WARN_UNUSED_FUNCTION = YES;
				GCC_WARN_UNUSED_VARIABLE = YES;
				IPHONEOS_DEPLOYMENT_TARGET = 14.5;
				MTL_ENABLE_DEBUG_INFO = NO;
				MTL_FAST_MATH = YES;
				SDKROOT = iphoneos;
				SWIFT_COMPILATION_MODE = wholemodule;
				SWIFT_OPTIMIZATION_LEVEL = "-O";
				VALIDATE_PRODUCT = YES;
			};
			name = Release;
		};
		0B8BAA2D277542A20070388E /* Debug */ = {
			isa = XCBuildConfiguration;
			buildSettings = {
				ASSETCATALOG_COMPILER_APPICON_NAME = AppIcon;
				ASSETCATALOG_COMPILER_GLOBAL_ACCENT_COLOR_NAME = AccentColor;
				CODE_SIGN_STYLE = Automatic;
				DEVELOPMENT_ASSET_PATHS = "\"League MMR App/Preview Content\"";
				DEVELOPMENT_TEAM = XR5S8WV6LB;
				ENABLE_PREVIEWS = YES;
				INFOPLIST_FILE = "League MMR App/Resources/Info.plist";
				IPHONEOS_DEPLOYMENT_TARGET = 14.0;
				LD_RUNPATH_SEARCH_PATHS = (
					"$(inherited)",
					"@executable_path/Frameworks",
				);
				PRODUCT_BUNDLE_IDENTIFIER = "com.claytonwatkins.League-MMR-App";
				PRODUCT_NAME = "$(TARGET_NAME)";
				SWIFT_VERSION = 5.0;
				TARGETED_DEVICE_FAMILY = "1,2";
			};
			name = Debug;
		};
		0B8BAA2E277542A20070388E /* Release */ = {
			isa = XCBuildConfiguration;
			buildSettings = {
				ASSETCATALOG_COMPILER_APPICON_NAME = AppIcon;
				ASSETCATALOG_COMPILER_GLOBAL_ACCENT_COLOR_NAME = AccentColor;
				CODE_SIGN_STYLE = Automatic;
				DEVELOPMENT_ASSET_PATHS = "\"League MMR App/Preview Content\"";
				DEVELOPMENT_TEAM = XR5S8WV6LB;
				ENABLE_PREVIEWS = YES;
				INFOPLIST_FILE = "League MMR App/Resources/Info.plist";
				IPHONEOS_DEPLOYMENT_TARGET = 14.0;
				LD_RUNPATH_SEARCH_PATHS = (
					"$(inherited)",
					"@executable_path/Frameworks",
				);
				PRODUCT_BUNDLE_IDENTIFIER = "com.claytonwatkins.League-MMR-App";
				PRODUCT_NAME = "$(TARGET_NAME)";
				SWIFT_VERSION = 5.0;
				TARGETED_DEVICE_FAMILY = "1,2";
			};
			name = Release;
		};
/* End XCBuildConfiguration section */

/* Begin XCConfigurationList section */
		0B8BAA18277542A00070388E /* Build configuration list for PBXProject "League MMR App" */ = {
			isa = XCConfigurationList;
			buildConfigurations = (
				0B8BAA2A277542A20070388E /* Debug */,
				0B8BAA2B277542A20070388E /* Release */,
			);
			defaultConfigurationIsVisible = 0;
			defaultConfigurationName = Release;
		};
		0B8BAA2C277542A20070388E /* Build configuration list for PBXNativeTarget "League MMR App" */ = {
			isa = XCConfigurationList;
			buildConfigurations = (
				0B8BAA2D277542A20070388E /* Debug */,
				0B8BAA2E277542A20070388E /* Release */,
			);
			defaultConfigurationIsVisible = 0;
			defaultConfigurationName = Release;
		};
/* End XCConfigurationList section */
	};
	rootObject = 0B8BAA15277542A00070388E /* Project object */;
}
